// !$*UTF8*$!
{
	archiveVersion = 1;
	classes = {
	};
	objectVersion = 46;
	objects = {

/* Begin PBXBuildFile section */
		71A6B318F90A65CF10CBE962 /* libPods.a in Frameworks */ = {isa = PBXBuildFile; fileRef = DF4D66B3CB6AA8951513EE4E /* libPods.a */; };
		BB097BEA1AAC774E00848066 /* KinderCardView.swift in Sources */ = {isa = PBXBuildFile; fileRef = BB097BE71AAC774E00848066 /* KinderCardView.swift */; };
		BB097BEB1AAC774E00848066 /* KinderModelCard.swift in Sources */ = {isa = PBXBuildFile; fileRef = BB097BE81AAC774E00848066 /* KinderModelCard.swift */; };
		BB097BEC1AAC774E00848066 /* KinderViewController.swift in Sources */ = {isa = PBXBuildFile; fileRef = BB097BE91AAC774E00848066 /* KinderViewController.swift */; };
		BB097BEE1AAC777E00848066 /* VoteController.swift in Sources */ = {isa = PBXBuildFile; fileRef = BB097BED1AAC777E00848066 /* VoteController.swift */; };
		BB097BF01AAC781100848066 /* ChallengeValidation.swift in Sources */ = {isa = PBXBuildFile; fileRef = BB097BEF1AAC781100848066 /* ChallengeValidation.swift */; };
		BB0A00521A8684D2004F6D8D /* AppDelegate.swift in Sources */ = {isa = PBXBuildFile; fileRef = BB0A00511A8684D2004F6D8D /* AppDelegate.swift */; };
		BB0A00571A8684D2004F6D8D /* Main.storyboard in Resources */ = {isa = PBXBuildFile; fileRef = BB0A00551A8684D2004F6D8D /* Main.storyboard */; };
		BB0A00591A8684D2004F6D8D /* Images.xcassets in Resources */ = {isa = PBXBuildFile; fileRef = BB0A00581A8684D2004F6D8D /* Images.xcassets */; };
		BB0A005C1A8684D2004F6D8D /* LaunchScreen.xib in Resources */ = {isa = PBXBuildFile; fileRef = BB0A005A1A8684D2004F6D8D /* LaunchScreen.xib */; };
		BB0A00681A8684D2004F6D8D /* AdokTests.swift in Sources */ = {isa = PBXBuildFile; fileRef = BB0A00671A8684D2004F6D8D /* AdokTests.swift */; };
		BB0B48131A9DBA6900D1C318 /* Upload.swift in Sources */ = {isa = PBXBuildFile; fileRef = BB0B48121A9DBA6900D1C318 /* Upload.swift */; };
		BB148C5E1A8BB5FD00B35849 /* Colors.swift in Sources */ = {isa = PBXBuildFile; fileRef = BB148C5D1A8BB5FD00B35849 /* Colors.swift */; };
		BB1949AD1A877C0F001EDA7D /* LoginController.swift in Sources */ = {isa = PBXBuildFile; fileRef = BB1949AC1A877C0F001EDA7D /* LoginController.swift */; };
		BB19B3C81AA9B17100CACBB3 /* ChallengeGallery.swift in Sources */ = {isa = PBXBuildFile; fileRef = BB19B3C71AA9B17100CACBB3 /* ChallengeGallery.swift */; };
		BB1CD3811A948D8A00CE6BC5 /* DeatilChallengeController.swift in Sources */ = {isa = PBXBuildFile; fileRef = BB1CD3801A948D8A00CE6BC5 /* DeatilChallengeController.swift */; };
		BB1CD3831A9498DA00CE6BC5 /* PhotoDetailChallengeCollectionViewCell.swift in Sources */ = {isa = PBXBuildFile; fileRef = BB1CD3821A9498DA00CE6BC5 /* PhotoDetailChallengeCollectionViewCell.swift */; };
		BB1CD3851A949EE500CE6BC5 /* HeaderDetailChallengeView.swift in Sources */ = {isa = PBXBuildFile; fileRef = BB1CD3841A949EE500CE6BC5 /* HeaderDetailChallengeView.swift */; };
		BB27D4FB1A8FA2E200306530 /* Feed.swift in Sources */ = {isa = PBXBuildFile; fileRef = BB27D4FA1A8FA2E200306530 /* Feed.swift */; };
		BB28A68A1A8A7D830078F823 /* ProfileView.swift in Sources */ = {isa = PBXBuildFile; fileRef = BB28A6891A8A7D830078F823 /* ProfileView.swift */; };
		BB28A68C1A8A7DE70078F823 /* ProfileImage.swift in Sources */ = {isa = PBXBuildFile; fileRef = BB28A68B1A8A7DE70078F823 /* ProfileImage.swift */; };
		BB2C44DC1A8A525800612B97 /* ParallaxImage.swift in Sources */ = {isa = PBXBuildFile; fileRef = BB2C44DB1A8A525800612B97 /* ParallaxImage.swift */; };
		BB2D02171AA9D9AF00437104 /* DetailImageView.swift in Sources */ = {isa = PBXBuildFile; fileRef = BB2D02161AA9D9AF00437104 /* DetailImageView.swift */; };
		BB4807C31A9E244D00B16C0F /* ProgressView.swift in Sources */ = {isa = PBXBuildFile; fileRef = BB4807C21A9E244D00B16C0F /* ProgressView.swift */; };
		BB544CFA1A96B053007E575B /* DescChallengeFormCell.swift in Sources */ = {isa = PBXBuildFile; fileRef = BB544CF91A96B053007E575B /* DescChallengeFormCell.swift */; };
		BB5E9C0F1A8A97F000ECD205 /* BadgeController.swift in Sources */ = {isa = PBXBuildFile; fileRef = BB5E9C0E1A8A97F000ECD205 /* BadgeController.swift */; };
		BB5E9C111A8A97FD00ECD205 /* PhotosController.swift in Sources */ = {isa = PBXBuildFile; fileRef = BB5E9C101A8A97FD00ECD205 /* PhotosController.swift */; };
		BB5E9C161A8AA56000ECD205 /* ChallengeProfileViewCell.swift in Sources */ = {isa = PBXBuildFile; fileRef = BB5E9C151A8AA56000ECD205 /* ChallengeProfileViewCell.swift */; };
		BB5E9C181A8AAB9200ECD205 /* ChallengeFluxController.swift in Sources */ = {isa = PBXBuildFile; fileRef = BB5E9C171A8AAB9200ECD205 /* ChallengeFluxController.swift */; };
		BB5E9C1A1A8B7FD400ECD205 /* ProfileController.swift in Sources */ = {isa = PBXBuildFile; fileRef = BB5E9C191A8B7FD400ECD205 /* ProfileController.swift */; };
		BB6095161A8CB3FF00522520 /* MainNavigationController.swift in Sources */ = {isa = PBXBuildFile; fileRef = BB6095151A8CB3FF00522520 /* MainNavigationController.swift */; };
		BB6095181A8CB4A800522520 /* UserInformation.swift in Sources */ = {isa = PBXBuildFile; fileRef = BB6095171A8CB4A800522520 /* UserInformation.swift */; };
		BB60951A1A8CB91700522520 /* CustomNavigationBar.swift in Sources */ = {isa = PBXBuildFile; fileRef = BB6095191A8CB91700522520 /* CustomNavigationBar.swift */; };
		BBA8E6731A896C930028978E /* ChallengeFeedTableViewCell.swift in Sources */ = {isa = PBXBuildFile; fileRef = BBA8E6721A896C930028978E /* ChallengeFeedTableViewCell.swift */; };
		BBA8E6751A896D100028978E /* ChallengeFeedController.swift in Sources */ = {isa = PBXBuildFile; fileRef = BBA8E6741A896D100028978E /* ChallengeFeedController.swift */; };
		BBA8E6771A89F7BA0028978E /* Challenge.swift in Sources */ = {isa = PBXBuildFile; fileRef = BBA8E6761A89F7BA0028978E /* Challenge.swift */; };
		BBA8E6791A8A3B490028978E /* CustomTabBar.swift in Sources */ = {isa = PBXBuildFile; fileRef = BBA8E6781A8A3B490028978E /* CustomTabBar.swift */; };
		BBAEDF171A9E186F00876129 /* tempo.swift in Sources */ = {isa = PBXBuildFile; fileRef = BBAEDF161A9E186F00876129 /* tempo.swift */; };
		BBB056A41A88E11700FE39B6 /* Signup.swift in Sources */ = {isa = PBXBuildFile; fileRef = BBB056A31A88E11700FE39B6 /* Signup.swift */; };
		BBB637761A8C09C200CE9A11 /* SerializeObject.swift in Sources */ = {isa = PBXBuildFile; fileRef = BBB637751A8C09C200CE9A11 /* SerializeObject.swift */; };
		BBB637781A8C0D4200CE9A11 /* Request.swift in Sources */ = {isa = PBXBuildFile; fileRef = BBB637771A8C0D4200CE9A11 /* Request.swift */; };
		BBB6377A1A8C124E00CE9A11 /* Login.swift in Sources */ = {isa = PBXBuildFile; fileRef = BBB637791A8C124E00CE9A11 /* Login.swift */; };
		BBB6377C1A8C12AA00CE9A11 /* LoginResponse.swift in Sources */ = {isa = PBXBuildFile; fileRef = BBB6377B1A8C12AA00CE9A11 /* LoginResponse.swift */; };
		BBBEA9EB1A8FB7E600756E3A /* User.swift in Sources */ = {isa = PBXBuildFile; fileRef = BBBEA9EA1A8FB7E600756E3A /* User.swift */; };
		BBC29B381A8788DF0055368A /* Social.framework in Frameworks */ = {isa = PBXBuildFile; fileRef = BBC29B371A8788DF0055368A /* Social.framework */; };
		BBC29B3A1A8788FC0055368A /* FacebookAuth.swift in Sources */ = {isa = PBXBuildFile; fileRef = BBC29B391A8788FC0055368A /* FacebookAuth.swift */; };
		BBC29B3C1A8789DC0055368A /* Accounts.framework in Frameworks */ = {isa = PBXBuildFile; fileRef = BBC29B3B1A8789DC0055368A /* Accounts.framework */; };
		BBC3C8D11A9680FA00294031 /* PhotoChallengeFormCell.swift in Sources */ = {isa = PBXBuildFile; fileRef = BBC3C8D01A9680F900294031 /* PhotoChallengeFormCell.swift */; };
		BBC763981A9233CE00742875 /* ButtonAdd.swift in Sources */ = {isa = PBXBuildFile; fileRef = BBC763971A9233CE00742875 /* ButtonAdd.swift */; };
		BBC7639A1A92472200742875 /* PostChallengeController.swift in Sources */ = {isa = PBXBuildFile; fileRef = BBC763991A92472200742875 /* PostChallengeController.swift */; };
		BBCAF0EA1A8CCFEE00A46C31 /* Me.swift in Sources */ = {isa = PBXBuildFile; fileRef = BBCAF0E91A8CCFEE00A46C31 /* Me.swift */; };
		BBCBD9EB1A98CF0C001DBD4B /* NewChallenge.swift in Sources */ = {isa = PBXBuildFile; fileRef = BBCBD9EA1A98CF0C001DBD4B /* NewChallenge.swift */; };
		BBDCE1681A98C5A700106D8F /* RRAddTagView.swift in Sources */ = {isa = PBXBuildFile; fileRef = BBDCE1651A98C5A700106D8F /* RRAddTagView.swift */; };
		BBDCE1691A98C5A700106D8F /* RRTagCollectionViewCell.swift in Sources */ = {isa = PBXBuildFile; fileRef = BBDCE1661A98C5A700106D8F /* RRTagCollectionViewCell.swift */; };
		BBDCE16A1A98C5A700106D8F /* RRTagController.swift in Sources */ = {isa = PBXBuildFile; fileRef = BBDCE1671A98C5A700106D8F /* RRTagController.swift */; };
		BBDD734D1AA9F5690003BE6E /* AlertView.swift in Sources */ = {isa = PBXBuildFile; fileRef = BBDD734C1AA9F5690003BE6E /* AlertView.swift */; };
		BBDF61511A9630F200407DBB /* TitleChallengeForm.swift in Sources */ = {isa = PBXBuildFile; fileRef = BBDF61501A9630F200407DBB /* TitleChallengeForm.swift */; };
		BBFE49E21A8C1438004E15DC /* ObjectMisc.m in Sources */ = {isa = PBXBuildFile; fileRef = BBFE49E11A8C1438004E15DC /* ObjectMisc.m */; };
/* End PBXBuildFile section */

/* Begin PBXContainerItemProxy section */
		BB0A00621A8684D2004F6D8D /* PBXContainerItemProxy */ = {
			isa = PBXContainerItemProxy;
			containerPortal = BB0A00441A8684D2004F6D8D /* Project object */;
			proxyType = 1;
			remoteGlobalIDString = BB0A004B1A8684D2004F6D8D;
			remoteInfo = Adok;
		};
/* End PBXContainerItemProxy section */

/* Begin PBXFileReference section */
		BB097BE71AAC774E00848066 /* KinderCardView.swift */ = {isa = PBXFileReference; fileEncoding = 4; lastKnownFileType = sourcecode.swift; path = KinderCardView.swift; sourceTree = "<group>"; };
		BB097BE81AAC774E00848066 /* KinderModelCard.swift */ = {isa = PBXFileReference; fileEncoding = 4; lastKnownFileType = sourcecode.swift; path = KinderModelCard.swift; sourceTree = "<group>"; };
		BB097BE91AAC774E00848066 /* KinderViewController.swift */ = {isa = PBXFileReference; fileEncoding = 4; lastKnownFileType = sourcecode.swift; path = KinderViewController.swift; sourceTree = "<group>"; };
		BB097BED1AAC777E00848066 /* VoteController.swift */ = {isa = PBXFileReference; fileEncoding = 4; lastKnownFileType = sourcecode.swift; path = VoteController.swift; sourceTree = "<group>"; };
		BB097BEF1AAC781100848066 /* ChallengeValidation.swift */ = {isa = PBXFileReference; fileEncoding = 4; lastKnownFileType = sourcecode.swift; path = ChallengeValidation.swift; sourceTree = "<group>"; };
		BB0A004C1A8684D2004F6D8D /* Adok.app */ = {isa = PBXFileReference; explicitFileType = wrapper.application; includeInIndex = 0; path = Adok.app; sourceTree = BUILT_PRODUCTS_DIR; };
		BB0A00501A8684D2004F6D8D /* Info.plist */ = {isa = PBXFileReference; lastKnownFileType = text.plist.xml; path = Info.plist; sourceTree = "<group>"; };
		BB0A00511A8684D2004F6D8D /* AppDelegate.swift */ = {isa = PBXFileReference; lastKnownFileType = sourcecode.swift; path = AppDelegate.swift; sourceTree = "<group>"; };
		BB0A00561A8684D2004F6D8D /* Base */ = {isa = PBXFileReference; lastKnownFileType = file.storyboard; name = Base; path = Base.lproj/Main.storyboard; sourceTree = "<group>"; };
		BB0A00581A8684D2004F6D8D /* Images.xcassets */ = {isa = PBXFileReference; lastKnownFileType = folder.assetcatalog; path = Images.xcassets; sourceTree = "<group>"; };
		BB0A005B1A8684D2004F6D8D /* Base */ = {isa = PBXFileReference; lastKnownFileType = file.xib; name = Base; path = Base.lproj/LaunchScreen.xib; sourceTree = "<group>"; };
		BB0A00611A8684D2004F6D8D /* AdokTests.xctest */ = {isa = PBXFileReference; explicitFileType = wrapper.cfbundle; includeInIndex = 0; path = AdokTests.xctest; sourceTree = BUILT_PRODUCTS_DIR; };
		BB0A00661A8684D2004F6D8D /* Info.plist */ = {isa = PBXFileReference; lastKnownFileType = text.plist.xml; path = Info.plist; sourceTree = "<group>"; };
		BB0A00671A8684D2004F6D8D /* AdokTests.swift */ = {isa = PBXFileReference; lastKnownFileType = sourcecode.swift; path = AdokTests.swift; sourceTree = "<group>"; };
		BB0B48121A9DBA6900D1C318 /* Upload.swift */ = {isa = PBXFileReference; fileEncoding = 4; lastKnownFileType = sourcecode.swift; path = Upload.swift; sourceTree = "<group>"; };
		BB148C5D1A8BB5FD00B35849 /* Colors.swift */ = {isa = PBXFileReference; fileEncoding = 4; lastKnownFileType = sourcecode.swift; path = Colors.swift; sourceTree = "<group>"; };
		BB1949AC1A877C0F001EDA7D /* LoginController.swift */ = {isa = PBXFileReference; fileEncoding = 4; lastKnownFileType = sourcecode.swift; path = LoginController.swift; sourceTree = "<group>"; };
		BB19B3C71AA9B17100CACBB3 /* ChallengeGallery.swift */ = {isa = PBXFileReference; fileEncoding = 4; lastKnownFileType = sourcecode.swift; path = ChallengeGallery.swift; sourceTree = "<group>"; };
		BB1CD3801A948D8A00CE6BC5 /* DeatilChallengeController.swift */ = {isa = PBXFileReference; fileEncoding = 4; lastKnownFileType = sourcecode.swift; path = DeatilChallengeController.swift; sourceTree = "<group>"; };
		BB1CD3821A9498DA00CE6BC5 /* PhotoDetailChallengeCollectionViewCell.swift */ = {isa = PBXFileReference; fileEncoding = 4; lastKnownFileType = sourcecode.swift; path = PhotoDetailChallengeCollectionViewCell.swift; sourceTree = "<group>"; };
		BB1CD3841A949EE500CE6BC5 /* HeaderDetailChallengeView.swift */ = {isa = PBXFileReference; fileEncoding = 4; lastKnownFileType = sourcecode.swift; path = HeaderDetailChallengeView.swift; sourceTree = "<group>"; };
		BB27D4FA1A8FA2E200306530 /* Feed.swift */ = {isa = PBXFileReference; fileEncoding = 4; lastKnownFileType = sourcecode.swift; path = Feed.swift; sourceTree = "<group>"; };
		BB28A6891A8A7D830078F823 /* ProfileView.swift */ = {isa = PBXFileReference; fileEncoding = 4; lastKnownFileType = sourcecode.swift; path = ProfileView.swift; sourceTree = "<group>"; };
		BB28A68B1A8A7DE70078F823 /* ProfileImage.swift */ = {isa = PBXFileReference; fileEncoding = 4; lastKnownFileType = sourcecode.swift; path = ProfileImage.swift; sourceTree = "<group>"; };
		BB2C44DB1A8A525800612B97 /* ParallaxImage.swift */ = {isa = PBXFileReference; fileEncoding = 4; lastKnownFileType = sourcecode.swift; path = ParallaxImage.swift; sourceTree = "<group>"; };
		BB2D02161AA9D9AF00437104 /* DetailImageView.swift */ = {isa = PBXFileReference; fileEncoding = 4; lastKnownFileType = sourcecode.swift; path = DetailImageView.swift; sourceTree = "<group>"; };
		BB4807C21A9E244D00B16C0F /* ProgressView.swift */ = {isa = PBXFileReference; fileEncoding = 4; lastKnownFileType = sourcecode.swift; path = ProgressView.swift; sourceTree = "<group>"; };
		BB544CF91A96B053007E575B /* DescChallengeFormCell.swift */ = {isa = PBXFileReference; fileEncoding = 4; lastKnownFileType = sourcecode.swift; path = DescChallengeFormCell.swift; sourceTree = "<group>"; };
		BB5E9C0E1A8A97F000ECD205 /* BadgeController.swift */ = {isa = PBXFileReference; fileEncoding = 4; lastKnownFileType = sourcecode.swift; path = BadgeController.swift; sourceTree = "<group>"; };
		BB5E9C101A8A97FD00ECD205 /* PhotosController.swift */ = {isa = PBXFileReference; fileEncoding = 4; lastKnownFileType = sourcecode.swift; path = PhotosController.swift; sourceTree = "<group>"; };
		BB5E9C151A8AA56000ECD205 /* ChallengeProfileViewCell.swift */ = {isa = PBXFileReference; fileEncoding = 4; lastKnownFileType = sourcecode.swift; path = ChallengeProfileViewCell.swift; sourceTree = "<group>"; };
		BB5E9C171A8AAB9200ECD205 /* ChallengeFluxController.swift */ = {isa = PBXFileReference; fileEncoding = 4; lastKnownFileType = sourcecode.swift; path = ChallengeFluxController.swift; sourceTree = "<group>"; };
		BB5E9C191A8B7FD400ECD205 /* ProfileController.swift */ = {isa = PBXFileReference; fileEncoding = 4; lastKnownFileType = sourcecode.swift; path = ProfileController.swift; sourceTree = "<group>"; };
		BB6095151A8CB3FF00522520 /* MainNavigationController.swift */ = {isa = PBXFileReference; fileEncoding = 4; lastKnownFileType = sourcecode.swift; path = MainNavigationController.swift; sourceTree = "<group>"; };
		BB6095171A8CB4A800522520 /* UserInformation.swift */ = {isa = PBXFileReference; fileEncoding = 4; lastKnownFileType = sourcecode.swift; path = UserInformation.swift; sourceTree = "<group>"; };
		BB6095191A8CB91700522520 /* CustomNavigationBar.swift */ = {isa = PBXFileReference; fileEncoding = 4; lastKnownFileType = sourcecode.swift; path = CustomNavigationBar.swift; sourceTree = "<group>"; };
		BBA8E6721A896C930028978E /* ChallengeFeedTableViewCell.swift */ = {isa = PBXFileReference; fileEncoding = 4; lastKnownFileType = sourcecode.swift; path = ChallengeFeedTableViewCell.swift; sourceTree = "<group>"; };
		BBA8E6741A896D100028978E /* ChallengeFeedController.swift */ = {isa = PBXFileReference; fileEncoding = 4; lastKnownFileType = sourcecode.swift; path = ChallengeFeedController.swift; sourceTree = "<group>"; };
		BBA8E6761A89F7BA0028978E /* Challenge.swift */ = {isa = PBXFileReference; fileEncoding = 4; lastKnownFileType = sourcecode.swift; path = Challenge.swift; sourceTree = "<group>"; };
		BBA8E6781A8A3B490028978E /* CustomTabBar.swift */ = {isa = PBXFileReference; fileEncoding = 4; lastKnownFileType = sourcecode.swift; path = CustomTabBar.swift; sourceTree = "<group>"; };
		BBAEDF161A9E186F00876129 /* tempo.swift */ = {isa = PBXFileReference; fileEncoding = 4; lastKnownFileType = sourcecode.swift; path = tempo.swift; sourceTree = "<group>"; };
		BBB056A31A88E11700FE39B6 /* Signup.swift */ = {isa = PBXFileReference; fileEncoding = 4; lastKnownFileType = sourcecode.swift; path = Signup.swift; sourceTree = "<group>"; };
		BBB637751A8C09C200CE9A11 /* SerializeObject.swift */ = {isa = PBXFileReference; fileEncoding = 4; lastKnownFileType = sourcecode.swift; path = SerializeObject.swift; sourceTree = "<group>"; };
		BBB637771A8C0D4200CE9A11 /* Request.swift */ = {isa = PBXFileReference; fileEncoding = 4; lastKnownFileType = sourcecode.swift; path = Request.swift; sourceTree = "<group>"; };
		BBB637791A8C124E00CE9A11 /* Login.swift */ = {isa = PBXFileReference; fileEncoding = 4; lastKnownFileType = sourcecode.swift; path = Login.swift; sourceTree = "<group>"; };
		BBB6377B1A8C12AA00CE9A11 /* LoginResponse.swift */ = {isa = PBXFileReference; fileEncoding = 4; lastKnownFileType = sourcecode.swift; path = LoginResponse.swift; sourceTree = "<group>"; };
		BBBAE1D41A8792FF004A40AA /* Header.h */ = {isa = PBXFileReference; lastKnownFileType = sourcecode.c.h; path = Header.h; sourceTree = "<group>"; };
		BBBEA9EA1A8FB7E600756E3A /* User.swift */ = {isa = PBXFileReference; fileEncoding = 4; lastKnownFileType = sourcecode.swift; path = User.swift; sourceTree = "<group>"; };
		BBC29B371A8788DF0055368A /* Social.framework */ = {isa = PBXFileReference; lastKnownFileType = wrapper.framework; name = Social.framework; path = System/Library/Frameworks/Social.framework; sourceTree = SDKROOT; };
		BBC29B391A8788FC0055368A /* FacebookAuth.swift */ = {isa = PBXFileReference; fileEncoding = 4; lastKnownFileType = sourcecode.swift; path = FacebookAuth.swift; sourceTree = "<group>"; };
		BBC29B3B1A8789DC0055368A /* Accounts.framework */ = {isa = PBXFileReference; lastKnownFileType = wrapper.framework; name = Accounts.framework; path = System/Library/Frameworks/Accounts.framework; sourceTree = SDKROOT; };
		BBC3C8D01A9680F900294031 /* PhotoChallengeFormCell.swift */ = {isa = PBXFileReference; fileEncoding = 4; lastKnownFileType = sourcecode.swift; path = PhotoChallengeFormCell.swift; sourceTree = "<group>"; };
		BBC763971A9233CE00742875 /* ButtonAdd.swift */ = {isa = PBXFileReference; fileEncoding = 4; lastKnownFileType = sourcecode.swift; path = ButtonAdd.swift; sourceTree = "<group>"; };
		BBC763991A92472200742875 /* PostChallengeController.swift */ = {isa = PBXFileReference; fileEncoding = 4; lastKnownFileType = sourcecode.swift; path = PostChallengeController.swift; sourceTree = "<group>"; };
		BBCAF0E91A8CCFEE00A46C31 /* Me.swift */ = {isa = PBXFileReference; fileEncoding = 4; lastKnownFileType = sourcecode.swift; path = Me.swift; sourceTree = "<group>"; };
		BBCBD9EA1A98CF0C001DBD4B /* NewChallenge.swift */ = {isa = PBXFileReference; fileEncoding = 4; lastKnownFileType = sourcecode.swift; path = NewChallenge.swift; sourceTree = "<group>"; };
		BBDCE1651A98C5A700106D8F /* RRAddTagView.swift */ = {isa = PBXFileReference; fileEncoding = 4; lastKnownFileType = sourcecode.swift; path = RRAddTagView.swift; sourceTree = "<group>"; };
		BBDCE1661A98C5A700106D8F /* RRTagCollectionViewCell.swift */ = {isa = PBXFileReference; fileEncoding = 4; lastKnownFileType = sourcecode.swift; path = RRTagCollectionViewCell.swift; sourceTree = "<group>"; };
		BBDCE1671A98C5A700106D8F /* RRTagController.swift */ = {isa = PBXFileReference; fileEncoding = 4; lastKnownFileType = sourcecode.swift; path = RRTagController.swift; sourceTree = "<group>"; };
		BBDD734C1AA9F5690003BE6E /* AlertView.swift */ = {isa = PBXFileReference; fileEncoding = 4; lastKnownFileType = sourcecode.swift; path = AlertView.swift; sourceTree = "<group>"; };
		BBDF61501A9630F200407DBB /* TitleChallengeForm.swift */ = {isa = PBXFileReference; fileEncoding = 4; lastKnownFileType = sourcecode.swift; path = TitleChallengeForm.swift; sourceTree = "<group>"; };
		BBFE49E01A8C1438004E15DC /* ObjectMisc.h */ = {isa = PBXFileReference; fileEncoding = 4; lastKnownFileType = sourcecode.c.h; path = ObjectMisc.h; sourceTree = "<group>"; };
		BBFE49E11A8C1438004E15DC /* ObjectMisc.m */ = {isa = PBXFileReference; fileEncoding = 4; lastKnownFileType = sourcecode.c.objc; path = ObjectMisc.m; sourceTree = "<group>"; };
		CB5073B6E581C125B8E43E66 /* Pods.release.xcconfig */ = {isa = PBXFileReference; includeInIndex = 1; lastKnownFileType = text.xcconfig; name = Pods.release.xcconfig; path = "Pods/Target Support Files/Pods/Pods.release.xcconfig"; sourceTree = "<group>"; };
		DF4D66B3CB6AA8951513EE4E /* libPods.a */ = {isa = PBXFileReference; explicitFileType = archive.ar; includeInIndex = 0; path = libPods.a; sourceTree = BUILT_PRODUCTS_DIR; };
		E59D4F14908CE874253C3F76 /* Pods.debug.xcconfig */ = {isa = PBXFileReference; includeInIndex = 1; lastKnownFileType = text.xcconfig; name = Pods.debug.xcconfig; path = "Pods/Target Support Files/Pods/Pods.debug.xcconfig"; sourceTree = "<group>"; };
/* End PBXFileReference section */

/* Begin PBXFrameworksBuildPhase section */
		BB0A00491A8684D2004F6D8D /* Frameworks */ = {
			isa = PBXFrameworksBuildPhase;
			buildActionMask = 2147483647;
			files = (
				BBC29B3C1A8789DC0055368A /* Accounts.framework in Frameworks */,
				BBC29B381A8788DF0055368A /* Social.framework in Frameworks */,
				71A6B318F90A65CF10CBE962 /* libPods.a in Frameworks */,
			);
			runOnlyForDeploymentPostprocessing = 0;
		};
		BB0A005E1A8684D2004F6D8D /* Frameworks */ = {
			isa = PBXFrameworksBuildPhase;
			buildActionMask = 2147483647;
			files = (
			);
			runOnlyForDeploymentPostprocessing = 0;
		};
/* End PBXFrameworksBuildPhase section */

/* Begin PBXGroup section */
		4DB519FB3D8F94306162AEA8 /* Pods */ = {
			isa = PBXGroup;
			children = (
				E59D4F14908CE874253C3F76 /* Pods.debug.xcconfig */,
				CB5073B6E581C125B8E43E66 /* Pods.release.xcconfig */,
			);
			name = Pods;
			sourceTree = "<group>";
		};
		7F89E826796312B533439AC4 /* Frameworks */ = {
			isa = PBXGroup;
			children = (
				BBC29B3B1A8789DC0055368A /* Accounts.framework */,
				BBC29B371A8788DF0055368A /* Social.framework */,
				DF4D66B3CB6AA8951513EE4E /* libPods.a */,
			);
			name = Frameworks;
			sourceTree = "<group>";
		};
		BB097BE61AAC773500848066 /* KinderController */ = {
			isa = PBXGroup;
			children = (
				BB097BE71AAC774E00848066 /* KinderCardView.swift */,
				BB097BE81AAC774E00848066 /* KinderModelCard.swift */,
				BB097BE91AAC774E00848066 /* KinderViewController.swift */,
			);
			path = KinderController;
			sourceTree = "<group>";
		};
		BB0A00431A8684D2004F6D8D = {
			isa = PBXGroup;
			children = (
				BB0A004E1A8684D2004F6D8D /* Adok */,
				BB0A00641A8684D2004F6D8D /* AdokTests */,
				BB0A004D1A8684D2004F6D8D /* Products */,
				4DB519FB3D8F94306162AEA8 /* Pods */,
				7F89E826796312B533439AC4 /* Frameworks */,
			);
			sourceTree = "<group>";
		};
		BB0A004D1A8684D2004F6D8D /* Products */ = {
			isa = PBXGroup;
			children = (
				BB0A004C1A8684D2004F6D8D /* Adok.app */,
				BB0A00611A8684D2004F6D8D /* AdokTests.xctest */,
			);
			name = Products;
			sourceTree = "<group>";
		};
		BB0A004E1A8684D2004F6D8D /* Adok */ = {
			isa = PBXGroup;
			children = (
				BBB056A21A88E10800FE39B6 /* Models */,
				BBC29B361A877E8B0055368A /* Utils */,
				BBA8E6711A896C040028978E /* Views */,
				BB0A00711A868899004F6D8D /* Application */,
				BB0A00721A8688A2004F6D8D /* Controllers */,
				BB0A00731A8688AC004F6D8D /* Ressources */,
			);
			path = Adok;
			sourceTree = "<group>";
		};
		BB0A004F1A8684D2004F6D8D /* Supporting Files */ = {
			isa = PBXGroup;
			children = (
				BB0A00501A8684D2004F6D8D /* Info.plist */,
			);
			path = "Supporting Files";
			sourceTree = "<group>";
		};
		BB0A00641A8684D2004F6D8D /* AdokTests */ = {
			isa = PBXGroup;
			children = (
				BB0A00671A8684D2004F6D8D /* AdokTests.swift */,
				BB0A00651A8684D2004F6D8D /* Supporting Files */,
			);
			path = AdokTests;
			sourceTree = "<group>";
		};
		BB0A00651A8684D2004F6D8D /* Supporting Files */ = {
			isa = PBXGroup;
			children = (
				BB0A00661A8684D2004F6D8D /* Info.plist */,
			);
			path = "Supporting Files";
			sourceTree = "<group>";
		};
		BB0A00711A868899004F6D8D /* Application */ = {
			isa = PBXGroup;
			children = (
				BBBAE1D41A8792FF004A40AA /* Header.h */,
				BB0A00511A8684D2004F6D8D /* AppDelegate.swift */,
			);
			path = Application;
			sourceTree = "<group>";
		};
		BB0A00721A8688A2004F6D8D /* Controllers */ = {
			isa = PBXGroup;
			children = (
				BB097BE61AAC773500848066 /* KinderController */,
				BBDCE1641A98C59300106D8F /* RRTagController */,
				BB5E9C0D1A8A97DA00ECD205 /* ControllerProfile */,
				BB1949AC1A877C0F001EDA7D /* LoginController.swift */,
				BBA8E6741A896D100028978E /* ChallengeFeedController.swift */,
				BBC763991A92472200742875 /* PostChallengeController.swift */,
				BB5E9C191A8B7FD400ECD205 /* ProfileController.swift */,
				BB6095151A8CB3FF00522520 /* MainNavigationController.swift */,
				BB1CD3801A948D8A00CE6BC5 /* DeatilChallengeController.swift */,
				BB097BED1AAC777E00848066 /* VoteController.swift */,
			);
			path = Controllers;
			sourceTree = "<group>";
		};
		BB0A00731A8688AC004F6D8D /* Ressources */ = {
			isa = PBXGroup;
			children = (
				BB0A00551A8684D2004F6D8D /* Main.storyboard */,
				BB0A00581A8684D2004F6D8D /* Images.xcassets */,
				BB0A005A1A8684D2004F6D8D /* LaunchScreen.xib */,
				BB0A004F1A8684D2004F6D8D /* Supporting Files */,
			);
			path = Ressources;
			sourceTree = "<group>";
		};
		BB5E9C0D1A8A97DA00ECD205 /* ControllerProfile */ = {
			isa = PBXGroup;
			children = (
				BB5E9C0E1A8A97F000ECD205 /* BadgeController.swift */,
				BB5E9C101A8A97FD00ECD205 /* PhotosController.swift */,
				BB5E9C171A8AAB9200ECD205 /* ChallengeFluxController.swift */,
			);
			path = ControllerProfile;
			sourceTree = "<group>";
		};
		BB5E9C141A8AA53F00ECD205 /* ProfileCellView */ = {
			isa = PBXGroup;
			children = (
				BB5E9C151A8AA56000ECD205 /* ChallengeProfileViewCell.swift */,
			);
			path = ProfileCellView;
			sourceTree = "<group>";
		};
		BBA8E6711A896C040028978E /* Views */ = {
			isa = PBXGroup;
			children = (
				BBDF614F1A9630A100407DBB /* FormPostCell */,
				BB5E9C141A8AA53F00ECD205 /* ProfileCellView */,
				BBA8E6721A896C930028978E /* ChallengeFeedTableViewCell.swift */,
				BB28A68B1A8A7DE70078F823 /* ProfileImage.swift */,
				BBA8E6781A8A3B490028978E /* CustomTabBar.swift */,
				BB2C44DB1A8A525800612B97 /* ParallaxImage.swift */,
				BB28A6891A8A7D830078F823 /* ProfileView.swift */,
				BB6095191A8CB91700522520 /* CustomNavigationBar.swift */,
				BBC763971A9233CE00742875 /* ButtonAdd.swift */,
				BB1CD3821A9498DA00CE6BC5 /* PhotoDetailChallengeCollectionViewCell.swift */,
				BB1CD3841A949EE500CE6BC5 /* HeaderDetailChallengeView.swift */,
				BB4807C21A9E244D00B16C0F /* ProgressView.swift */,
				BB2D02161AA9D9AF00437104 /* DetailImageView.swift */,
				BBDD734C1AA9F5690003BE6E /* AlertView.swift */,
			);
			path = Views;
			sourceTree = "<group>";
		};
		BBB056A21A88E10800FE39B6 /* Models */ = {
			isa = PBXGroup;
			children = (
				BBB056A31A88E11700FE39B6 /* Signup.swift */,
				BBB637791A8C124E00CE9A11 /* Login.swift */,
				BBA8E6761A89F7BA0028978E /* Challenge.swift */,
				BBBEA9EA1A8FB7E600756E3A /* User.swift */,
				BBB6377B1A8C12AA00CE9A11 /* LoginResponse.swift */,
				BBCAF0E91A8CCFEE00A46C31 /* Me.swift */,
				BB27D4FA1A8FA2E200306530 /* Feed.swift */,
				BBCBD9EA1A98CF0C001DBD4B /* NewChallenge.swift */,
				BB19B3C71AA9B17100CACBB3 /* ChallengeGallery.swift */,
				BB097BEF1AAC781100848066 /* ChallengeValidation.swift */,
			);
			path = Models;
			sourceTree = "<group>";
		};
		BBC29B361A877E8B0055368A /* Utils */ = {
			isa = PBXGroup;
			children = (
				BBAEDF161A9E186F00876129 /* tempo.swift */,
				BBFE49E01A8C1438004E15DC /* ObjectMisc.h */,
				BBFE49E11A8C1438004E15DC /* ObjectMisc.m */,
				BBC29B391A8788FC0055368A /* FacebookAuth.swift */,
				BB148C5D1A8BB5FD00B35849 /* Colors.swift */,
				BBB637751A8C09C200CE9A11 /* SerializeObject.swift */,
				BBB637771A8C0D4200CE9A11 /* Request.swift */,
				BB6095171A8CB4A800522520 /* UserInformation.swift */,
				BB0B48121A9DBA6900D1C318 /* Upload.swift */,
			);
			path = Utils;
			sourceTree = "<group>";
		};
		BBDCE1641A98C59300106D8F /* RRTagController */ = {
			isa = PBXGroup;
			children = (
				BBDCE1651A98C5A700106D8F /* RRAddTagView.swift */,
				BBDCE1661A98C5A700106D8F /* RRTagCollectionViewCell.swift */,
				BBDCE1671A98C5A700106D8F /* RRTagController.swift */,
			);
			path = RRTagController;
			sourceTree = "<group>";
		};
		BBDF614F1A9630A100407DBB /* FormPostCell */ = {
			isa = PBXGroup;
			children = (
				BBDF61501A9630F200407DBB /* TitleChallengeForm.swift */,
				BB544CF91A96B053007E575B /* DescChallengeFormCell.swift */,
				BBC3C8D01A9680F900294031 /* PhotoChallengeFormCell.swift */,
			);
			path = FormPostCell;
			sourceTree = "<group>";
		};
/* End PBXGroup section */

/* Begin PBXNativeTarget section */
		BB0A004B1A8684D2004F6D8D /* Adok */ = {
			isa = PBXNativeTarget;
			buildConfigurationList = BB0A006B1A8684D2004F6D8D /* Build configuration list for PBXNativeTarget "Adok" */;
			buildPhases = (
				7E0BC290DD01937C8E1402B0 /* Check Pods Manifest.lock */,
				BB0A00481A8684D2004F6D8D /* Sources */,
				BB0A00491A8684D2004F6D8D /* Frameworks */,
				BB0A004A1A8684D2004F6D8D /* Resources */,
				07D31E79F6B4240AE5F4C0E1 /* Copy Pods Resources */,
			);
			buildRules = (
			);
			dependencies = (
			);
			name = Adok;
			productName = Adok;
			productReference = BB0A004C1A8684D2004F6D8D /* Adok.app */;
			productType = "com.apple.product-type.application";
		};
		BB0A00601A8684D2004F6D8D /* AdokTests */ = {
			isa = PBXNativeTarget;
			buildConfigurationList = BB0A006E1A8684D2004F6D8D /* Build configuration list for PBXNativeTarget "AdokTests" */;
			buildPhases = (
				BB0A005D1A8684D2004F6D8D /* Sources */,
				BB0A005E1A8684D2004F6D8D /* Frameworks */,
				BB0A005F1A8684D2004F6D8D /* Resources */,
			);
			buildRules = (
			);
			dependencies = (
				BB0A00631A8684D2004F6D8D /* PBXTargetDependency */,
			);
			name = AdokTests;
			productName = AdokTests;
			productReference = BB0A00611A8684D2004F6D8D /* AdokTests.xctest */;
			productType = "com.apple.product-type.bundle.unit-test";
		};
/* End PBXNativeTarget section */

/* Begin PBXProject section */
		BB0A00441A8684D2004F6D8D /* Project object */ = {
			isa = PBXProject;
			attributes = {
				LastUpgradeCheck = 0610;
				ORGANIZATIONNAME = "Remi Robert";
				TargetAttributes = {
					BB0A004B1A8684D2004F6D8D = {
						CreatedOnToolsVersion = 6.1.1;
						DevelopmentTeam = 44Q2J6374R;
					};
					BB0A00601A8684D2004F6D8D = {
						CreatedOnToolsVersion = 6.1.1;
						TestTargetID = BB0A004B1A8684D2004F6D8D;
					};
				};
			};
			buildConfigurationList = BB0A00471A8684D2004F6D8D /* Build configuration list for PBXProject "Adok" */;
			compatibilityVersion = "Xcode 3.2";
			developmentRegion = English;
			hasScannedForEncodings = 0;
			knownRegions = (
				en,
				Base,
			);
			mainGroup = BB0A00431A8684D2004F6D8D;
			productRefGroup = BB0A004D1A8684D2004F6D8D /* Products */;
			projectDirPath = "";
			projectRoot = "";
			targets = (
				BB0A004B1A8684D2004F6D8D /* Adok */,
				BB0A00601A8684D2004F6D8D /* AdokTests */,
			);
		};
/* End PBXProject section */

/* Begin PBXResourcesBuildPhase section */
		BB0A004A1A8684D2004F6D8D /* Resources */ = {
			isa = PBXResourcesBuildPhase;
			buildActionMask = 2147483647;
			files = (
				BB0A00571A8684D2004F6D8D /* Main.storyboard in Resources */,
				BB0A005C1A8684D2004F6D8D /* LaunchScreen.xib in Resources */,
				BB0A00591A8684D2004F6D8D /* Images.xcassets in Resources */,
			);
			runOnlyForDeploymentPostprocessing = 0;
		};
		BB0A005F1A8684D2004F6D8D /* Resources */ = {
			isa = PBXResourcesBuildPhase;
			buildActionMask = 2147483647;
			files = (
			);
			runOnlyForDeploymentPostprocessing = 0;
		};
/* End PBXResourcesBuildPhase section */

/* Begin PBXShellScriptBuildPhase section */
		07D31E79F6B4240AE5F4C0E1 /* Copy Pods Resources */ = {
			isa = PBXShellScriptBuildPhase;
			buildActionMask = 2147483647;
			files = (
			);
			inputPaths = (
			);
			name = "Copy Pods Resources";
			outputPaths = (
			);
			runOnlyForDeploymentPostprocessing = 0;
			shellPath = /bin/sh;
			shellScript = "\"${SRCROOT}/Pods/Target Support Files/Pods/Pods-resources.sh\"\n";
			showEnvVarsInLog = 0;
		};
		7E0BC290DD01937C8E1402B0 /* Check Pods Manifest.lock */ = {
			isa = PBXShellScriptBuildPhase;
			buildActionMask = 2147483647;
			files = (
			);
			inputPaths = (
			);
			name = "Check Pods Manifest.lock";
			outputPaths = (
			);
			runOnlyForDeploymentPostprocessing = 0;
			shellPath = /bin/sh;
			shellScript = "diff \"${PODS_ROOT}/../Podfile.lock\" \"${PODS_ROOT}/Manifest.lock\" > /dev/null\nif [[ $? != 0 ]] ; then\n    cat << EOM\nerror: The sandbox is not in sync with the Podfile.lock. Run 'pod install' or update your CocoaPods installation.\nEOM\n    exit 1\nfi\n";
			showEnvVarsInLog = 0;
		};
/* End PBXShellScriptBuildPhase section */

/* Begin PBXSourcesBuildPhase section */
		BB0A00481A8684D2004F6D8D /* Sources */ = {
			isa = PBXSourcesBuildPhase;
			buildActionMask = 2147483647;
			files = (
				BBB6377A1A8C124E00CE9A11 /* Login.swift in Sources */,
				BBA8E6771A89F7BA0028978E /* Challenge.swift in Sources */,
				BB148C5E1A8BB5FD00B35849 /* Colors.swift in Sources */,
				BB5E9C181A8AAB9200ECD205 /* ChallengeFluxController.swift in Sources */,
				BB6095161A8CB3FF00522520 /* MainNavigationController.swift in Sources */,
				BB4807C31A9E244D00B16C0F /* ProgressView.swift in Sources */,
				BB28A68C1A8A7DE70078F823 /* ProfileImage.swift in Sources */,
				BB5E9C161A8AA56000ECD205 /* ChallengeProfileViewCell.swift in Sources */,
				BB5E9C1A1A8B7FD400ECD205 /* ProfileController.swift in Sources */,
				BB0A00521A8684D2004F6D8D /* AppDelegate.swift in Sources */,
				BBCAF0EA1A8CCFEE00A46C31 /* Me.swift in Sources */,
				BBDF61511A9630F200407DBB /* TitleChallengeForm.swift in Sources */,
				BBB056A41A88E11700FE39B6 /* Signup.swift in Sources */,
				BB1CD3851A949EE500CE6BC5 /* HeaderDetailChallengeView.swift in Sources */,
				BBC3C8D11A9680FA00294031 /* PhotoChallengeFormCell.swift in Sources */,
				BBA8E6731A896C930028978E /* ChallengeFeedTableViewCell.swift in Sources */,
				BB5E9C111A8A97FD00ECD205 /* PhotosController.swift in Sources */,
				BB2D02171AA9D9AF00437104 /* DetailImageView.swift in Sources */,
				BB0B48131A9DBA6900D1C318 /* Upload.swift in Sources */,
				BB1CD3811A948D8A00CE6BC5 /* DeatilChallengeController.swift in Sources */,
				BB1CD3831A9498DA00CE6BC5 /* PhotoDetailChallengeCollectionViewCell.swift in Sources */,
				BBC7639A1A92472200742875 /* PostChallengeController.swift in Sources */,
				BBA8E6791A8A3B490028978E /* CustomTabBar.swift in Sources */,
				BB6095181A8CB4A800522520 /* UserInformation.swift in Sources */,
				BB60951A1A8CB91700522520 /* CustomNavigationBar.swift in Sources */,
				BB2C44DC1A8A525800612B97 /* ParallaxImage.swift in Sources */,
				BBC763981A9233CE00742875 /* ButtonAdd.swift in Sources */,
				BB097BEA1AAC774E00848066 /* KinderCardView.swift in Sources */,
				BBAEDF171A9E186F00876129 /* tempo.swift in Sources */,
				BBC29B3A1A8788FC0055368A /* FacebookAuth.swift in Sources */,
				BB097BF01AAC781100848066 /* ChallengeValidation.swift in Sources */,
				BBDCE16A1A98C5A700106D8F /* RRTagController.swift in Sources */,
				BB1949AD1A877C0F001EDA7D /* LoginController.swift in Sources */,
				BB27D4FB1A8FA2E200306530 /* Feed.swift in Sources */,
				BBBEA9EB1A8FB7E600756E3A /* User.swift in Sources */,
				BB5E9C0F1A8A97F000ECD205 /* BadgeController.swift in Sources */,
				BBB637761A8C09C200CE9A11 /* SerializeObject.swift in Sources */,
				BBFE49E21A8C1438004E15DC /* ObjectMisc.m in Sources */,
				BBDCE1691A98C5A700106D8F /* RRTagCollectionViewCell.swift in Sources */,
				BB19B3C81AA9B17100CACBB3 /* ChallengeGallery.swift in Sources */,
				BBB637781A8C0D4200CE9A11 /* Request.swift in Sources */,
				BB097BEB1AAC774E00848066 /* KinderModelCard.swift in Sources */,
				BBCBD9EB1A98CF0C001DBD4B /* NewChallenge.swift in Sources */,
				BBDCE1681A98C5A700106D8F /* RRAddTagView.swift in Sources */,
				BBDD734D1AA9F5690003BE6E /* AlertView.swift in Sources */,
				BB097BEC1AAC774E00848066 /* KinderViewController.swift in Sources */,
				BB544CFA1A96B053007E575B /* DescChallengeFormCell.swift in Sources */,
				BB28A68A1A8A7D830078F823 /* ProfileView.swift in Sources */,
				BB097BEE1AAC777E00848066 /* VoteController.swift in Sources */,
				BBB6377C1A8C12AA00CE9A11 /* LoginResponse.swift in Sources */,
				BBA8E6751A896D100028978E /* ChallengeFeedController.swift in Sources */,
			);
			runOnlyForDeploymentPostprocessing = 0;
		};
		BB0A005D1A8684D2004F6D8D /* Sources */ = {
			isa = PBXSourcesBuildPhase;
			buildActionMask = 2147483647;
			files = (
				BB0A00681A8684D2004F6D8D /* AdokTests.swift in Sources */,
			);
			runOnlyForDeploymentPostprocessing = 0;
		};
/* End PBXSourcesBuildPhase section */

/* Begin PBXTargetDependency section */
		BB0A00631A8684D2004F6D8D /* PBXTargetDependency */ = {
			isa = PBXTargetDependency;
			target = BB0A004B1A8684D2004F6D8D /* Adok */;
			targetProxy = BB0A00621A8684D2004F6D8D /* PBXContainerItemProxy */;
		};
/* End PBXTargetDependency section */

/* Begin PBXVariantGroup section */
		BB0A00551A8684D2004F6D8D /* Main.storyboard */ = {
			isa = PBXVariantGroup;
			children = (
				BB0A00561A8684D2004F6D8D /* Base */,
			);
			name = Main.storyboard;
			path = .;
			sourceTree = "<group>";
		};
		BB0A005A1A8684D2004F6D8D /* LaunchScreen.xib */ = {
			isa = PBXVariantGroup;
			children = (
				BB0A005B1A8684D2004F6D8D /* Base */,
			);
			name = LaunchScreen.xib;
			path = .;
			sourceTree = "<group>";
		};
/* End PBXVariantGroup section */

/* Begin XCBuildConfiguration section */
		BB0A00691A8684D2004F6D8D /* Debug */ = {
			isa = XCBuildConfiguration;
			buildSettings = {
				ALWAYS_SEARCH_USER_PATHS = NO;
				CLANG_CXX_LANGUAGE_STANDARD = "gnu++0x";
				CLANG_CXX_LIBRARY = "libc++";
				CLANG_ENABLE_MODULES = YES;
				CLANG_ENABLE_OBJC_ARC = YES;
				CLANG_WARN_BOOL_CONVERSION = YES;
				CLANG_WARN_CONSTANT_CONVERSION = YES;
				CLANG_WARN_DIRECT_OBJC_ISA_USAGE = YES_ERROR;
				CLANG_WARN_EMPTY_BODY = YES;
				CLANG_WARN_ENUM_CONVERSION = YES;
				CLANG_WARN_INT_CONVERSION = YES;
				CLANG_WARN_OBJC_ROOT_CLASS = YES_ERROR;
				CLANG_WARN_UNREACHABLE_CODE = YES;
				CLANG_WARN__DUPLICATE_METHOD_MATCH = YES;
				"CODE_SIGN_IDENTITY[sdk=iphoneos*]" = "iPhone Developer";
				COPY_PHASE_STRIP = NO;
				ENABLE_STRICT_OBJC_MSGSEND = YES;
				GCC_C_LANGUAGE_STANDARD = gnu99;
				GCC_DYNAMIC_NO_PIC = NO;
				GCC_OPTIMIZATION_LEVEL = 0;
				GCC_PREPROCESSOR_DEFINITIONS = (
					"DEBUG=1",
					"$(inherited)",
				);
				GCC_SYMBOLS_PRIVATE_EXTERN = NO;
				GCC_WARN_64_TO_32_BIT_CONVERSION = YES;
				GCC_WARN_ABOUT_RETURN_TYPE = YES_ERROR;
				GCC_WARN_UNDECLARED_SELECTOR = YES;
				GCC_WARN_UNINITIALIZED_AUTOS = YES_AGGRESSIVE;
				GCC_WARN_UNUSED_FUNCTION = YES;
				GCC_WARN_UNUSED_VARIABLE = YES;
				IPHONEOS_DEPLOYMENT_TARGET = 8.1;
				MTL_ENABLE_DEBUG_INFO = YES;
				ONLY_ACTIVE_ARCH = YES;
				SDKROOT = iphoneos;
				SWIFT_OPTIMIZATION_LEVEL = "-Onone";
			};
			name = Debug;
		};
		BB0A006A1A8684D2004F6D8D /* Release */ = {
			isa = XCBuildConfiguration;
			buildSettings = {
				ALWAYS_SEARCH_USER_PATHS = NO;
				CLANG_CXX_LANGUAGE_STANDARD = "gnu++0x";
				CLANG_CXX_LIBRARY = "libc++";
				CLANG_ENABLE_MODULES = YES;
				CLANG_ENABLE_OBJC_ARC = YES;
				CLANG_WARN_BOOL_CONVERSION = YES;
				CLANG_WARN_CONSTANT_CONVERSION = YES;
				CLANG_WARN_DIRECT_OBJC_ISA_USAGE = YES_ERROR;
				CLANG_WARN_EMPTY_BODY = YES;
				CLANG_WARN_ENUM_CONVERSION = YES;
				CLANG_WARN_INT_CONVERSION = YES;
				CLANG_WARN_OBJC_ROOT_CLASS = YES_ERROR;
				CLANG_WARN_UNREACHABLE_CODE = YES;
				CLANG_WARN__DUPLICATE_METHOD_MATCH = YES;
				"CODE_SIGN_IDENTITY[sdk=iphoneos*]" = "iPhone Developer";
				COPY_PHASE_STRIP = YES;
				ENABLE_NS_ASSERTIONS = NO;
				ENABLE_STRICT_OBJC_MSGSEND = YES;
				GCC_C_LANGUAGE_STANDARD = gnu99;
				GCC_WARN_64_TO_32_BIT_CONVERSION = YES;
				GCC_WARN_ABOUT_RETURN_TYPE = YES_ERROR;
				GCC_WARN_UNDECLARED_SELECTOR = YES;
				GCC_WARN_UNINITIALIZED_AUTOS = YES_AGGRESSIVE;
				GCC_WARN_UNUSED_FUNCTION = YES;
				GCC_WARN_UNUSED_VARIABLE = YES;
				IPHONEOS_DEPLOYMENT_TARGET = 8.1;
				MTL_ENABLE_DEBUG_INFO = NO;
				SDKROOT = iphoneos;
				VALIDATE_PRODUCT = YES;
			};
			name = Release;
		};
		BB0A006C1A8684D2004F6D8D /* Debug */ = {
			isa = XCBuildConfiguration;
			baseConfigurationReference = E59D4F14908CE874253C3F76 /* Pods.debug.xcconfig */;
			buildSettings = {
				ASSETCATALOG_COMPILER_APPICON_NAME = AppIcon;
				CODE_SIGN_IDENTITY = "iPhone Developer";
				INFOPLIST_FILE = "Adok/Ressources/Supporting Files/Info.plist";
				IPHONEOS_DEPLOYMENT_TARGET = 8.0;
				LD_RUNPATH_SEARCH_PATHS = "$(inherited) @executable_path/Frameworks";
				PRODUCT_NAME = "$(TARGET_NAME)";
				SWIFT_OBJC_BRIDGING_HEADER = Adok/Application/Header.h;
			};
			name = Debug;
		};
		BB0A006D1A8684D2004F6D8D /* Release */ = {
			isa = XCBuildConfiguration;
			baseConfigurationReference = CB5073B6E581C125B8E43E66 /* Pods.release.xcconfig */;
			buildSettings = {
				ASSETCATALOG_COMPILER_APPICON_NAME = AppIcon;
				CODE_SIGN_IDENTITY = "iPhone Developer";
				INFOPLIST_FILE = "Adok/Ressources/Supporting Files/Info.plist";
				IPHONEOS_DEPLOYMENT_TARGET = 8.0;
				LD_RUNPATH_SEARCH_PATHS = "$(inherited) @executable_path/Frameworks";
				PRODUCT_NAME = "$(TARGET_NAME)";
				SWIFT_OBJC_BRIDGING_HEADER = Adok/Application/Header.h;
			};
			name = Release;
		};
		BB0A006F1A8684D2004F6D8D /* Debug */ = {
			isa = XCBuildConfiguration;
			buildSettings = {
				BUNDLE_LOADER = "$(TEST_HOST)";
				FRAMEWORK_SEARCH_PATHS = (
					"$(SDKROOT)/Developer/Library/Frameworks",
					"$(inherited)",
				);
				GCC_PREPROCESSOR_DEFINITIONS = (
					"DEBUG=1",
					"$(inherited)",
				);
				INFOPLIST_FILE = "AdokTests/Supporting Files/Info.plist";
				LD_RUNPATH_SEARCH_PATHS = "$(inherited) @executable_path/Frameworks @loader_path/Frameworks";
				PRODUCT_NAME = "$(TARGET_NAME)";
				TEST_HOST = "$(BUILT_PRODUCTS_DIR)/Adok.app/Adok";
			};
			name = Debug;
		};
		BB0A00701A8684D2004F6D8D /* Release */ = {
			isa = XCBuildConfiguration;
			buildSettings = {
				BUNDLE_LOADER = "$(TEST_HOST)";
				FRAMEWORK_SEARCH_PATHS = (
					"$(SDKROOT)/Developer/Library/Frameworks",
					"$(inherited)",
				);
				INFOPLIST_FILE = "AdokTests/Supporting Files/Info.plist";
				LD_RUNPATH_SEARCH_PATHS = "$(inherited) @executable_path/Frameworks @loader_path/Frameworks";
				PRODUCT_NAME = "$(TARGET_NAME)";
				TEST_HOST = "$(BUILT_PRODUCTS_DIR)/Adok.app/Adok";
			};
			name = Release;
		};
/* End XCBuildConfiguration section */

/* Begin XCConfigurationList section */
		BB0A00471A8684D2004F6D8D /* Build configuration list for PBXProject "Adok" */ = {
			isa = XCConfigurationList;
			buildConfigurations = (
				BB0A00691A8684D2004F6D8D /* Debug */,
				BB0A006A1A8684D2004F6D8D /* Release */,
			);
			defaultConfigurationIsVisible = 0;
			defaultConfigurationName = Release;
		};
		BB0A006B1A8684D2004F6D8D /* Build configuration list for PBXNativeTarget "Adok" */ = {
			isa = XCConfigurationList;
			buildConfigurations = (
				BB0A006C1A8684D2004F6D8D /* Debug */,
				BB0A006D1A8684D2004F6D8D /* Release */,
			);
			defaultConfigurationIsVisible = 0;
			defaultConfigurationName = Release;
		};
		BB0A006E1A8684D2004F6D8D /* Build configuration list for PBXNativeTarget "AdokTests" */ = {
			isa = XCConfigurationList;
			buildConfigurations = (
				BB0A006F1A8684D2004F6D8D /* Debug */,
				BB0A00701A8684D2004F6D8D /* Release */,
			);
			defaultConfigurationIsVisible = 0;
			defaultConfigurationName = Release;
		};
/* End XCConfigurationList section */
	};
	rootObject = BB0A00441A8684D2004F6D8D /* Project object */;
}
